// !$*UTF8*$!
{
	archiveVersion = 1;
	classes = {
	};
	objectVersion = 46;
	objects = {

/* Begin PBXBuildFile section */
		249193421B549560005D4C54 /* DRDownMenuControl.m in Sources */ = {isa = PBXBuildFile; fileRef = 249193411B549560005D4C54 /* DRDownMenuControl.m */; };
		249193451B549C7A005D4C54 /* DRDownMenuViewController.m in Sources */ = {isa = PBXBuildFile; fileRef = 249193441B549C7A005D4C54 /* DRDownMenuViewController.m */; };
		249193531B54B1D7005D4C54 /* DRBannerView.m in Sources */ = {isa = PBXBuildFile; fileRef = 249193521B54B1D7005D4C54 /* DRBannerView.m */; };
		249193751B54B257005D4C54 /* LICENSE in Resources */ = {isa = PBXBuildFile; fileRef = 249193551B54B257005D4C54 /* LICENSE */; };
		249193761B54B257005D4C54 /* README.md in Sources */ = {isa = PBXBuildFile; fileRef = 249193561B54B257005D4C54 /* README.md */; };
		249193771B54B257005D4C54 /* NSData+ImageContentType.m in Sources */ = {isa = PBXBuildFile; fileRef = 249193591B54B257005D4C54 /* NSData+ImageContentType.m */; };
		249193781B54B257005D4C54 /* SDImageCache.m in Sources */ = {isa = PBXBuildFile; fileRef = 2491935B1B54B257005D4C54 /* SDImageCache.m */; };
		249193791B54B257005D4C54 /* SDWebImageCompat.m in Sources */ = {isa = PBXBuildFile; fileRef = 2491935D1B54B257005D4C54 /* SDWebImageCompat.m */; };
		2491937A1B54B257005D4C54 /* SDWebImageDecoder.m in Sources */ = {isa = PBXBuildFile; fileRef = 2491935F1B54B257005D4C54 /* SDWebImageDecoder.m */; };
		2491937B1B54B257005D4C54 /* SDWebImageDownloader.m in Sources */ = {isa = PBXBuildFile; fileRef = 249193611B54B257005D4C54 /* SDWebImageDownloader.m */; };
		2491937C1B54B257005D4C54 /* SDWebImageDownloaderOperation.m in Sources */ = {isa = PBXBuildFile; fileRef = 249193631B54B257005D4C54 /* SDWebImageDownloaderOperation.m */; };
		2491937D1B54B257005D4C54 /* SDWebImageManager.m in Sources */ = {isa = PBXBuildFile; fileRef = 249193651B54B257005D4C54 /* SDWebImageManager.m */; };
		2491937E1B54B257005D4C54 /* SDWebImagePrefetcher.m in Sources */ = {isa = PBXBuildFile; fileRef = 249193681B54B257005D4C54 /* SDWebImagePrefetcher.m */; };
		2491937F1B54B257005D4C54 /* UIButton+WebCache.m in Sources */ = {isa = PBXBuildFile; fileRef = 2491936A1B54B257005D4C54 /* UIButton+WebCache.m */; };
		249193801B54B257005D4C54 /* UIImage+GIF.m in Sources */ = {isa = PBXBuildFile; fileRef = 2491936C1B54B257005D4C54 /* UIImage+GIF.m */; };
		249193811B54B257005D4C54 /* UIImage+MultiFormat.m in Sources */ = {isa = PBXBuildFile; fileRef = 2491936E1B54B257005D4C54 /* UIImage+MultiFormat.m */; };
		249193821B54B257005D4C54 /* UIImageView+HighlightedWebCache.m in Sources */ = {isa = PBXBuildFile; fileRef = 249193701B54B257005D4C54 /* UIImageView+HighlightedWebCache.m */; };
		249193831B54B257005D4C54 /* UIImageView+WebCache.m in Sources */ = {isa = PBXBuildFile; fileRef = 249193721B54B257005D4C54 /* UIImageView+WebCache.m */; };
		249193841B54B257005D4C54 /* UIView+WebCacheOperation.m in Sources */ = {isa = PBXBuildFile; fileRef = 249193741B54B257005D4C54 /* UIView+WebCacheOperation.m */; };
		249193871B54CDE7005D4C54 /* DRBannerViewController.m in Sources */ = {isa = PBXBuildFile; fileRef = 249193861B54CDE7005D4C54 /* DRBannerViewController.m */; };
		249193911B54CE6B005D4C54 /* 1.png in Resources */ = {isa = PBXBuildFile; fileRef = 249193891B54CE6B005D4C54 /* 1.png */; };
		249193921B54CE6B005D4C54 /* 2.png in Resources */ = {isa = PBXBuildFile; fileRef = 2491938A1B54CE6B005D4C54 /* 2.png */; };
		249193931B54CE6B005D4C54 /* 3.png in Resources */ = {isa = PBXBuildFile; fileRef = 2491938B1B54CE6B005D4C54 /* 3.png */; };
		249193941B54CE6B005D4C54 /* 4.png in Resources */ = {isa = PBXBuildFile; fileRef = 2491938C1B54CE6B005D4C54 /* 4.png */; };
		249193951B54CE6B005D4C54 /* 5.png in Resources */ = {isa = PBXBuildFile; fileRef = 2491938D1B54CE6B005D4C54 /* 5.png */; };
		249193961B54CE6B005D4C54 /* 6.png in Resources */ = {isa = PBXBuildFile; fileRef = 2491938E1B54CE6B005D4C54 /* 6.png */; };
		249193971B54CE6B005D4C54 /* 7.png in Resources */ = {isa = PBXBuildFile; fileRef = 2491938F1B54CE6B005D4C54 /* 7.png */; };
		249193981B54CE6B005D4C54 /* 8.png in Resources */ = {isa = PBXBuildFile; fileRef = 249193901B54CE6B005D4C54 /* 8.png */; };
		24A0F6AD1B53808A007F4D63 /* main.m in Sources */ = {isa = PBXBuildFile; fileRef = 24A0F6AC1B53808A007F4D63 /* main.m */; };
		24A0F6B01B53808A007F4D63 /* AppDelegate.m in Sources */ = {isa = PBXBuildFile; fileRef = 24A0F6AF1B53808A007F4D63 /* AppDelegate.m */; };
		24A0F6B31B53808B007F4D63 /* ViewController.m in Sources */ = {isa = PBXBuildFile; fileRef = 24A0F6B21B53808B007F4D63 /* ViewController.m */; };
		24A0F6B61B53808B007F4D63 /* Main.storyboard in Resources */ = {isa = PBXBuildFile; fileRef = 24A0F6B41B53808B007F4D63 /* Main.storyboard */; };
		24A0F6B81B53808B007F4D63 /* Assets.xcassets in Resources */ = {isa = PBXBuildFile; fileRef = 24A0F6B71B53808B007F4D63 /* Assets.xcassets */; };
		24A0F6C61B53808B007F4D63 /* DRvenCustomControlTests.m in Sources */ = {isa = PBXBuildFile; fileRef = 24A0F6C51B53808B007F4D63 /* DRvenCustomControlTests.m */; };
		24A0F6D11B53808B007F4D63 /* DRvenCustomControlUITests.m in Sources */ = {isa = PBXBuildFile; fileRef = 24A0F6D01B53808B007F4D63 /* DRvenCustomControlUITests.m */; };
/* End PBXBuildFile section */

/* Begin PBXContainerItemProxy section */
		24A0F6C21B53808B007F4D63 /* PBXContainerItemProxy */ = {
			isa = PBXContainerItemProxy;
			containerPortal = 24A0F6A01B53808A007F4D63 /* Project object */;
			proxyType = 1;
			remoteGlobalIDString = 24A0F6A71B53808A007F4D63;
			remoteInfo = DRvenCustomControl;
		};
		24A0F6CD1B53808B007F4D63 /* PBXContainerItemProxy */ = {
			isa = PBXContainerItemProxy;
			containerPortal = 24A0F6A01B53808A007F4D63 /* Project object */;
			proxyType = 1;
			remoteGlobalIDString = 24A0F6A71B53808A007F4D63;
			remoteInfo = DRvenCustomControl;
		};
/* End PBXContainerItemProxy section */

/* Begin PBXFileReference section */
		249193401B549560005D4C54 /* DRDownMenuControl.h */ = {isa = PBXFileReference; fileEncoding = 4; lastKnownFileType = sourcecode.c.h; path = DRDownMenuControl.h; sourceTree = "<group>"; };
		249193411B549560005D4C54 /* DRDownMenuControl.m */ = {isa = PBXFileReference; fileEncoding = 4; lastKnownFileType = sourcecode.c.objc; path = DRDownMenuControl.m; sourceTree = "<group>"; };
		249193431B549C7A005D4C54 /* DRDownMenuViewController.h */ = {isa = PBXFileReference; fileEncoding = 4; lastKnownFileType = sourcecode.c.h; path = DRDownMenuViewController.h; sourceTree = "<group>"; };
		249193441B549C7A005D4C54 /* DRDownMenuViewController.m */ = {isa = PBXFileReference; fileEncoding = 4; lastKnownFileType = sourcecode.c.objc; path = DRDownMenuViewController.m; sourceTree = "<group>"; };
		249193511B54B1D7005D4C54 /* DRBannerView.h */ = {isa = PBXFileReference; fileEncoding = 4; lastKnownFileType = sourcecode.c.h; path = DRBannerView.h; sourceTree = "<group>"; };
		249193521B54B1D7005D4C54 /* DRBannerView.m */ = {isa = PBXFileReference; fileEncoding = 4; lastKnownFileType = sourcecode.c.objc; path = DRBannerView.m; sourceTree = "<group>"; };
		249193551B54B257005D4C54 /* LICENSE */ = {isa = PBXFileReference; fileEncoding = 4; lastKnownFileType = text; path = LICENSE; sourceTree = "<group>"; };
		249193561B54B257005D4C54 /* README.md */ = {isa = PBXFileReference; fileEncoding = 4; lastKnownFileType = net.daringfireball.markdown; path = README.md; sourceTree = "<group>"; };
		249193581B54B257005D4C54 /* NSData+ImageContentType.h */ = {isa = PBXFileReference; fileEncoding = 4; lastKnownFileType = sourcecode.c.h; path = "NSData+ImageContentType.h"; sourceTree = "<group>"; };
		249193591B54B257005D4C54 /* NSData+ImageContentType.m */ = {isa = PBXFileReference; fileEncoding = 4; lastKnownFileType = sourcecode.c.objc; path = "NSData+ImageContentType.m"; sourceTree = "<group>"; };
		2491935A1B54B257005D4C54 /* SDImageCache.h */ = {isa = PBXFileReference; fileEncoding = 4; lastKnownFileType = sourcecode.c.h; path = SDImageCache.h; sourceTree = "<group>"; };
		2491935B1B54B257005D4C54 /* SDImageCache.m */ = {isa = PBXFileReference; fileEncoding = 4; lastKnownFileType = sourcecode.c.objc; path = SDImageCache.m; sourceTree = "<group>"; };
		2491935C1B54B257005D4C54 /* SDWebImageCompat.h */ = {isa = PBXFileReference; fileEncoding = 4; lastKnownFileType = sourcecode.c.h; path = SDWebImageCompat.h; sourceTree = "<group>"; };
		2491935D1B54B257005D4C54 /* SDWebImageCompat.m */ = {isa = PBXFileReference; fileEncoding = 4; lastKnownFileType = sourcecode.c.objc; path = SDWebImageCompat.m; sourceTree = "<group>"; };
		2491935E1B54B257005D4C54 /* SDWebImageDecoder.h */ = {isa = PBXFileReference; fileEncoding = 4; lastKnownFileType = sourcecode.c.h; path = SDWebImageDecoder.h; sourceTree = "<group>"; };
		2491935F1B54B257005D4C54 /* SDWebImageDecoder.m */ = {isa = PBXFileReference; fileEncoding = 4; lastKnownFileType = sourcecode.c.objc; path = SDWebImageDecoder.m; sourceTree = "<group>"; };
		249193601B54B257005D4C54 /* SDWebImageDownloader.h */ = {isa = PBXFileReference; fileEncoding = 4; lastKnownFileType = sourcecode.c.h; path = SDWebImageDownloader.h; sourceTree = "<group>"; };
		249193611B54B257005D4C54 /* SDWebImageDownloader.m */ = {isa = PBXFileReference; fileEncoding = 4; lastKnownFileType = sourcecode.c.objc; path = SDWebImageDownloader.m; sourceTree = "<group>"; };
		249193621B54B257005D4C54 /* SDWebImageDownloaderOperation.h */ = {isa = PBXFileReference; fileEncoding = 4; lastKnownFileType = sourcecode.c.h; path = SDWebImageDownloaderOperation.h; sourceTree = "<group>"; };
		249193631B54B257005D4C54 /* SDWebImageDownloaderOperation.m */ = {isa = PBXFileReference; fileEncoding = 4; lastKnownFileType = sourcecode.c.objc; path = SDWebImageDownloaderOperation.m; sourceTree = "<group>"; };
		249193641B54B257005D4C54 /* SDWebImageManager.h */ = {isa = PBXFileReference; fileEncoding = 4; lastKnownFileType = sourcecode.c.h; path = SDWebImageManager.h; sourceTree = "<group>"; };
		249193651B54B257005D4C54 /* SDWebImageManager.m */ = {isa = PBXFileReference; fileEncoding = 4; lastKnownFileType = sourcecode.c.objc; path = SDWebImageManager.m; sourceTree = "<group>"; };
		249193661B54B257005D4C54 /* SDWebImageOperation.h */ = {isa = PBXFileReference; fileEncoding = 4; lastKnownFileType = sourcecode.c.h; path = SDWebImageOperation.h; sourceTree = "<group>"; };
		249193671B54B257005D4C54 /* SDWebImagePrefetcher.h */ = {isa = PBXFileReference; fileEncoding = 4; lastKnownFileType = sourcecode.c.h; path = SDWebImagePrefetcher.h; sourceTree = "<group>"; };
		249193681B54B257005D4C54 /* SDWebImagePrefetcher.m */ = {isa = PBXFileReference; fileEncoding = 4; lastKnownFileType = sourcecode.c.objc; path = SDWebImagePrefetcher.m; sourceTree = "<group>"; };
		249193691B54B257005D4C54 /* UIButton+WebCache.h */ = {isa = PBXFileReference; fileEncoding = 4; lastKnownFileType = sourcecode.c.h; path = "UIButton+WebCache.h"; sourceTree = "<group>"; };
		2491936A1B54B257005D4C54 /* UIButton+WebCache.m */ = {isa = PBXFileReference; fileEncoding = 4; lastKnownFileType = sourcecode.c.objc; path = "UIButton+WebCache.m"; sourceTree = "<group>"; };
		2491936B1B54B257005D4C54 /* UIImage+GIF.h */ = {isa = PBXFileReference; fileEncoding = 4; lastKnownFileType = sourcecode.c.h; path = "UIImage+GIF.h"; sourceTree = "<group>"; };
		2491936C1B54B257005D4C54 /* UIImage+GIF.m */ = {isa = PBXFileReference; fileEncoding = 4; lastKnownFileType = sourcecode.c.objc; path = "UIImage+GIF.m"; sourceTree = "<group>"; };
		2491936D1B54B257005D4C54 /* UIImage+MultiFormat.h */ = {isa = PBXFileReference; fileEncoding = 4; lastKnownFileType = sourcecode.c.h; path = "UIImage+MultiFormat.h"; sourceTree = "<group>"; };
		2491936E1B54B257005D4C54 /* UIImage+MultiFormat.m */ = {isa = PBXFileReference; fileEncoding = 4; lastKnownFileType = sourcecode.c.objc; path = "UIImage+MultiFormat.m"; sourceTree = "<group>"; };
		2491936F1B54B257005D4C54 /* UIImageView+HighlightedWebCache.h */ = {isa = PBXFileReference; fileEncoding = 4; lastKnownFileType = sourcecode.c.h; path = "UIImageView+HighlightedWebCache.h"; sourceTree = "<group>"; };
		249193701B54B257005D4C54 /* UIImageView+HighlightedWebCache.m */ = {isa = PBXFileReference; fileEncoding = 4; lastKnownFileType = sourcecode.c.objc; path = "UIImageView+HighlightedWebCache.m"; sourceTree = "<group>"; };
		249193711B54B257005D4C54 /* UIImageView+WebCache.h */ = {isa = PBXFileReference; fileEncoding = 4; lastKnownFileType = sourcecode.c.h; path = "UIImageView+WebCache.h"; sourceTree = "<group>"; };
		249193721B54B257005D4C54 /* UIImageView+WebCache.m */ = {isa = PBXFileReference; fileEncoding = 4; lastKnownFileType = sourcecode.c.objc; path = "UIImageView+WebCache.m"; sourceTree = "<group>"; };
		249193731B54B257005D4C54 /* UIView+WebCacheOperation.h */ = {isa = PBXFileReference; fileEncoding = 4; lastKnownFileType = sourcecode.c.h; path = "UIView+WebCacheOperation.h"; sourceTree = "<group>"; };
		249193741B54B257005D4C54 /* UIView+WebCacheOperation.m */ = {isa = PBXFileReference; fileEncoding = 4; lastKnownFileType = sourcecode.c.objc; path = "UIView+WebCacheOperation.m"; sourceTree = "<group>"; };
		249193851B54CDE7005D4C54 /* DRBannerViewController.h */ = {isa = PBXFileReference; fileEncoding = 4; lastKnownFileType = sourcecode.c.h; path = DRBannerViewController.h; sourceTree = "<group>"; };
		249193861B54CDE7005D4C54 /* DRBannerViewController.m */ = {isa = PBXFileReference; fileEncoding = 4; lastKnownFileType = sourcecode.c.objc; path = DRBannerViewController.m; sourceTree = "<group>"; };
		249193891B54CE6B005D4C54 /* 1.png */ = {isa = PBXFileReference; lastKnownFileType = image.png; path = 1.png; sourceTree = "<group>"; };
		2491938A1B54CE6B005D4C54 /* 2.png */ = {isa = PBXFileReference; lastKnownFileType = image.png; path = 2.png; sourceTree = "<group>"; };
		2491938B1B54CE6B005D4C54 /* 3.png */ = {isa = PBXFileReference; lastKnownFileType = image.png; path = 3.png; sourceTree = "<group>"; };
		2491938C1B54CE6B005D4C54 /* 4.png */ = {isa = PBXFileReference; lastKnownFileType = image.png; path = 4.png; sourceTree = "<group>"; };
		2491938D1B54CE6B005D4C54 /* 5.png */ = {isa = PBXFileReference; lastKnownFileType = image.png; path = 5.png; sourceTree = "<group>"; };
		2491938E1B54CE6B005D4C54 /* 6.png */ = {isa = PBXFileReference; lastKnownFileType = image.png; path = 6.png; sourceTree = "<group>"; };
		2491938F1B54CE6B005D4C54 /* 7.png */ = {isa = PBXFileReference; lastKnownFileType = image.png; path = 7.png; sourceTree = "<group>"; };
		249193901B54CE6B005D4C54 /* 8.png */ = {isa = PBXFileReference; lastKnownFileType = image.png; path = 8.png; sourceTree = "<group>"; };
		24A0F6A81B53808A007F4D63 /* DRvenCustomControl.app */ = {isa = PBXFileReference; explicitFileType = wrapper.application; includeInIndex = 0; path = DRvenCustomControl.app; sourceTree = BUILT_PRODUCTS_DIR; };
		24A0F6AC1B53808A007F4D63 /* main.m */ = {isa = PBXFileReference; lastKnownFileType = sourcecode.c.objc; path = main.m; sourceTree = "<group>"; };
		24A0F6AE1B53808A007F4D63 /* AppDelegate.h */ = {isa = PBXFileReference; lastKnownFileType = sourcecode.c.h; path = AppDelegate.h; sourceTree = "<group>"; };
		24A0F6AF1B53808A007F4D63 /* AppDelegate.m */ = {isa = PBXFileReference; lastKnownFileType = sourcecode.c.objc; path = AppDelegate.m; sourceTree = "<group>"; };
		24A0F6B11B53808B007F4D63 /* ViewController.h */ = {isa = PBXFileReference; lastKnownFileType = sourcecode.c.h; path = ViewController.h; sourceTree = "<group>"; };
		24A0F6B21B53808B007F4D63 /* ViewController.m */ = {isa = PBXFileReference; lastKnownFileType = sourcecode.c.objc; path = ViewController.m; sourceTree = "<group>"; };
		24A0F6B51B53808B007F4D63 /* Base */ = {isa = PBXFileReference; lastKnownFileType = file.storyboard; name = Base; path = Base.lproj/Main.storyboard; sourceTree = "<group>"; };
		24A0F6B71B53808B007F4D63 /* Assets.xcassets */ = {isa = PBXFileReference; lastKnownFileType = folder.assetcatalog; path = Assets.xcassets; sourceTree = "<group>"; };
		24A0F6BC1B53808B007F4D63 /* Info.plist */ = {isa = PBXFileReference; lastKnownFileType = text.plist.xml; path = Info.plist; sourceTree = "<group>"; };
		24A0F6C11B53808B007F4D63 /* DRvenCustomControlTests.xctest */ = {isa = PBXFileReference; explicitFileType = wrapper.cfbundle; includeInIndex = 0; path = DRvenCustomControlTests.xctest; sourceTree = BUILT_PRODUCTS_DIR; };
		24A0F6C51B53808B007F4D63 /* DRvenCustomControlTests.m */ = {isa = PBXFileReference; lastKnownFileType = sourcecode.c.objc; path = DRvenCustomControlTests.m; sourceTree = "<group>"; };
		24A0F6C71B53808B007F4D63 /* Info.plist */ = {isa = PBXFileReference; lastKnownFileType = text.plist.xml; path = Info.plist; sourceTree = "<group>"; };
		24A0F6CC1B53808B007F4D63 /* DRvenCustomControlUITests.xctest */ = {isa = PBXFileReference; explicitFileType = wrapper.cfbundle; includeInIndex = 0; path = DRvenCustomControlUITests.xctest; sourceTree = BUILT_PRODUCTS_DIR; };
		24A0F6D01B53808B007F4D63 /* DRvenCustomControlUITests.m */ = {isa = PBXFileReference; lastKnownFileType = sourcecode.c.objc; path = DRvenCustomControlUITests.m; sourceTree = "<group>"; };
		24A0F6D21B53808B007F4D63 /* Info.plist */ = {isa = PBXFileReference; lastKnownFileType = text.plist.xml; path = Info.plist; sourceTree = "<group>"; };
/* End PBXFileReference section */

/* Begin PBXFrameworksBuildPhase section */
		24A0F6A51B53808A007F4D63 /* Frameworks */ = {
			isa = PBXFrameworksBuildPhase;
			buildActionMask = 2147483647;
			files = (
			);
			runOnlyForDeploymentPostprocessing = 0;
		};
		24A0F6BE1B53808B007F4D63 /* Frameworks */ = {
			isa = PBXFrameworksBuildPhase;
			buildActionMask = 2147483647;
			files = (
			);
			runOnlyForDeploymentPostprocessing = 0;
		};
		24A0F6C91B53808B007F4D63 /* Frameworks */ = {
			isa = PBXFrameworksBuildPhase;
			buildActionMask = 2147483647;
			files = (
			);
			runOnlyForDeploymentPostprocessing = 0;
		};
/* End PBXFrameworksBuildPhase section */

/* Begin PBXGroup section */
		2491933F1B54953F005D4C54 /* DRDownMenu */ = {
			isa = PBXGroup;
			children = (
				249193401B549560005D4C54 /* DRDownMenuControl.h */,
				249193411B549560005D4C54 /* DRDownMenuControl.m */,
				249193431B549C7A005D4C54 /* DRDownMenuViewController.h */,
				249193441B549C7A005D4C54 /* DRDownMenuViewController.m */,
			);
			path = DRDownMenu;
			sourceTree = "<group>";
		};
		249193501B54B1B8005D4C54 /* DRBannerView */ = {
			isa = PBXGroup;
			children = (
				249193881B54CE6B005D4C54 /* ImageResource */,
				249193541B54B257005D4C54 /* SDWebImage */,
				249193511B54B1D7005D4C54 /* DRBannerView.h */,
				249193521B54B1D7005D4C54 /* DRBannerView.m */,
				249193851B54CDE7005D4C54 /* DRBannerViewController.h */,
				249193861B54CDE7005D4C54 /* DRBannerViewController.m */,
			);
			path = DRBannerView;
			sourceTree = "<group>";
		};
		249193541B54B257005D4C54 /* SDWebImage */ = {
			isa = PBXGroup;
			children = (
				249193551B54B257005D4C54 /* LICENSE */,
				249193561B54B257005D4C54 /* README.md */,
				249193571B54B257005D4C54 /* SDWebImage */,
			);
			path = SDWebImage;
			sourceTree = "<group>";
		};
		249193571B54B257005D4C54 /* SDWebImage */ = {
			isa = PBXGroup;
			children = (
				249193581B54B257005D4C54 /* NSData+ImageContentType.h */,
				249193591B54B257005D4C54 /* NSData+ImageContentType.m */,
				2491935A1B54B257005D4C54 /* SDImageCache.h */,
				2491935B1B54B257005D4C54 /* SDImageCache.m */,
				2491935C1B54B257005D4C54 /* SDWebImageCompat.h */,
				2491935D1B54B257005D4C54 /* SDWebImageCompat.m */,
				2491935E1B54B257005D4C54 /* SDWebImageDecoder.h */,
				2491935F1B54B257005D4C54 /* SDWebImageDecoder.m */,
				249193601B54B257005D4C54 /* SDWebImageDownloader.h */,
				249193611B54B257005D4C54 /* SDWebImageDownloader.m */,
				249193621B54B257005D4C54 /* SDWebImageDownloaderOperation.h */,
				249193631B54B257005D4C54 /* SDWebImageDownloaderOperation.m */,
				249193641B54B257005D4C54 /* SDWebImageManager.h */,
				249193651B54B257005D4C54 /* SDWebImageManager.m */,
				249193661B54B257005D4C54 /* SDWebImageOperation.h */,
				249193671B54B257005D4C54 /* SDWebImagePrefetcher.h */,
				249193681B54B257005D4C54 /* SDWebImagePrefetcher.m */,
				249193691B54B257005D4C54 /* UIButton+WebCache.h */,
				2491936A1B54B257005D4C54 /* UIButton+WebCache.m */,
				2491936B1B54B257005D4C54 /* UIImage+GIF.h */,
				2491936C1B54B257005D4C54 /* UIImage+GIF.m */,
				2491936D1B54B257005D4C54 /* UIImage+MultiFormat.h */,
				2491936E1B54B257005D4C54 /* UIImage+MultiFormat.m */,
				2491936F1B54B257005D4C54 /* UIImageView+HighlightedWebCache.h */,
				249193701B54B257005D4C54 /* UIImageView+HighlightedWebCache.m */,
				249193711B54B257005D4C54 /* UIImageView+WebCache.h */,
				249193721B54B257005D4C54 /* UIImageView+WebCache.m */,
				249193731B54B257005D4C54 /* UIView+WebCacheOperation.h */,
				249193741B54B257005D4C54 /* UIView+WebCacheOperation.m */,
			);
			path = SDWebImage;
			sourceTree = "<group>";
		};
		249193881B54CE6B005D4C54 /* ImageResource */ = {
			isa = PBXGroup;
			children = (
				249193891B54CE6B005D4C54 /* 1.png */,
				2491938A1B54CE6B005D4C54 /* 2.png */,
				2491938B1B54CE6B005D4C54 /* 3.png */,
				2491938C1B54CE6B005D4C54 /* 4.png */,
				2491938D1B54CE6B005D4C54 /* 5.png */,
				2491938E1B54CE6B005D4C54 /* 6.png */,
				2491938F1B54CE6B005D4C54 /* 7.png */,
				249193901B54CE6B005D4C54 /* 8.png */,
			);
			path = ImageResource;
			sourceTree = "<group>";
		};
		24A0F69F1B53808A007F4D63 = {
			isa = PBXGroup;
			children = (
				24A0F6AA1B53808A007F4D63 /* DRvenCustomControl */,
				24A0F6C41B53808B007F4D63 /* DRvenCustomControlTests */,
				24A0F6CF1B53808B007F4D63 /* DRvenCustomControlUITests */,
				24A0F6A91B53808A007F4D63 /* Products */,
			);
			sourceTree = "<group>";
		};
		24A0F6A91B53808A007F4D63 /* Products */ = {
			isa = PBXGroup;
			children = (
				24A0F6A81B53808A007F4D63 /* DRvenCustomControl.app */,
				24A0F6C11B53808B007F4D63 /* DRvenCustomControlTests.xctest */,
				24A0F6CC1B53808B007F4D63 /* DRvenCustomControlUITests.xctest */,
			);
			name = Products;
			sourceTree = "<group>";
		};
		24A0F6AA1B53808A007F4D63 /* DRvenCustomControl */ = {
			isa = PBXGroup;
			children = (
				249193501B54B1B8005D4C54 /* DRBannerView */,
				2491933F1B54953F005D4C54 /* DRDownMenu */,
				24A0F6AE1B53808A007F4D63 /* AppDelegate.h */,
				24A0F6AF1B53808A007F4D63 /* AppDelegate.m */,
				24A0F6B11B53808B007F4D63 /* ViewController.h */,
				24A0F6B21B53808B007F4D63 /* ViewController.m */,
				24A0F6B41B53808B007F4D63 /* Main.storyboard */,
				24A0F6B71B53808B007F4D63 /* Assets.xcassets */,
				24A0F6BC1B53808B007F4D63 /* Info.plist */,
				24A0F6AB1B53808A007F4D63 /* Supporting Files */,
			);
			path = DRvenCustomControl;
			sourceTree = "<group>";
		};
		24A0F6AB1B53808A007F4D63 /* Supporting Files */ = {
			isa = PBXGroup;
			children = (
				24A0F6AC1B53808A007F4D63 /* main.m */,
			);
			name = "Supporting Files";
			sourceTree = "<group>";
		};
		24A0F6C41B53808B007F4D63 /* DRvenCustomControlTests */ = {
			isa = PBXGroup;
			children = (
				24A0F6C51B53808B007F4D63 /* DRvenCustomControlTests.m */,
				24A0F6C71B53808B007F4D63 /* Info.plist */,
			);
			path = DRvenCustomControlTests;
			sourceTree = "<group>";
		};
		24A0F6CF1B53808B007F4D63 /* DRvenCustomControlUITests */ = {
			isa = PBXGroup;
			children = (
				24A0F6D01B53808B007F4D63 /* DRvenCustomControlUITests.m */,
				24A0F6D21B53808B007F4D63 /* Info.plist */,
			);
			path = DRvenCustomControlUITests;
			sourceTree = "<group>";
		};
/* End PBXGroup section */

/* Begin PBXNativeTarget section */
		24A0F6A71B53808A007F4D63 /* DRvenCustomControl */ = {
			isa = PBXNativeTarget;
			buildConfigurationList = 24A0F6D51B53808B007F4D63 /* Build configuration list for PBXNativeTarget "DRvenCustomControl" */;
			buildPhases = (
				24A0F6A41B53808A007F4D63 /* Sources */,
				24A0F6A51B53808A007F4D63 /* Frameworks */,
				24A0F6A61B53808A007F4D63 /* Resources */,
			);
			buildRules = (
			);
			dependencies = (
			);
			name = DRvenCustomControl;
			productName = DRvenCustomControl;
			productReference = 24A0F6A81B53808A007F4D63 /* DRvenCustomControl.app */;
			productType = "com.apple.product-type.application";
		};
		24A0F6C01B53808B007F4D63 /* DRvenCustomControlTests */ = {
			isa = PBXNativeTarget;
			buildConfigurationList = 24A0F6D81B53808B007F4D63 /* Build configuration list for PBXNativeTarget "DRvenCustomControlTests" */;
			buildPhases = (
				24A0F6BD1B53808B007F4D63 /* Sources */,
				24A0F6BE1B53808B007F4D63 /* Frameworks */,
				24A0F6BF1B53808B007F4D63 /* Resources */,
			);
			buildRules = (
			);
			dependencies = (
				24A0F6C31B53808B007F4D63 /* PBXTargetDependency */,
			);
			name = DRvenCustomControlTests;
			productName = DRvenCustomControlTests;
			productReference = 24A0F6C11B53808B007F4D63 /* DRvenCustomControlTests.xctest */;
			productType = "com.apple.product-type.bundle.unit-test";
		};
		24A0F6CB1B53808B007F4D63 /* DRvenCustomControlUITests */ = {
			isa = PBXNativeTarget;
			buildConfigurationList = 24A0F6DB1B53808B007F4D63 /* Build configuration list for PBXNativeTarget "DRvenCustomControlUITests" */;
			buildPhases = (
				24A0F6C81B53808B007F4D63 /* Sources */,
				24A0F6C91B53808B007F4D63 /* Frameworks */,
				24A0F6CA1B53808B007F4D63 /* Resources */,
			);
			buildRules = (
			);
			dependencies = (
				24A0F6CE1B53808B007F4D63 /* PBXTargetDependency */,
			);
			name = DRvenCustomControlUITests;
			productName = DRvenCustomControlUITests;
			productReference = 24A0F6CC1B53808B007F4D63 /* DRvenCustomControlUITests.xctest */;
			productType = "com.apple.product-type.bundle.ui-testing";
		};
/* End PBXNativeTarget section */

/* Begin PBXProject section */
		24A0F6A01B53808A007F4D63 /* Project object */ = {
			isa = PBXProject;
			attributes = {
				LastUpgradeCheck = 0700;
				ORGANIZATIONNAME = RIMI;
				TargetAttributes = {
					24A0F6A71B53808A007F4D63 = {
						CreatedOnToolsVersion = 7.0;
					};
					24A0F6C01B53808B007F4D63 = {
						CreatedOnToolsVersion = 7.0;
						TestTargetID = 24A0F6A71B53808A007F4D63;
					};
					24A0F6CB1B53808B007F4D63 = {
						CreatedOnToolsVersion = 7.0;
						TestTargetID = 24A0F6A71B53808A007F4D63;
					};
				};
			};
			buildConfigurationList = 24A0F6A31B53808A007F4D63 /* Build configuration list for PBXProject "DRvenCustomControl" */;
			compatibilityVersion = "Xcode 3.2";
			developmentRegion = English;
			hasScannedForEncodings = 0;
			knownRegions = (
				en,
				Base,
			);
			mainGroup = 24A0F69F1B53808A007F4D63;
			productRefGroup = 24A0F6A91B53808A007F4D63 /* Products */;
			projectDirPath = "";
			projectRoot = "";
			targets = (
				24A0F6A71B53808A007F4D63 /* DRvenCustomControl */,
				24A0F6C01B53808B007F4D63 /* DRvenCustomControlTests */,
				24A0F6CB1B53808B007F4D63 /* DRvenCustomControlUITests */,
			);
		};
/* End PBXProject section */

/* Begin PBXResourcesBuildPhase section */
		24A0F6A61B53808A007F4D63 /* Resources */ = {
			isa = PBXResourcesBuildPhase;
			buildActionMask = 2147483647;
			files = (
				249193981B54CE6B005D4C54 /* 8.png in Resources */,
				249193751B54B257005D4C54 /* LICENSE in Resources */,
				249193941B54CE6B005D4C54 /* 4.png in Resources */,
				249193911B54CE6B005D4C54 /* 1.png in Resources */,
				249193961B54CE6B005D4C54 /* 6.png in Resources */,
				249193921B54CE6B005D4C54 /* 2.png in Resources */,
				249193931B54CE6B005D4C54 /* 3.png in Resources */,
				249193951B54CE6B005D4C54 /* 5.png in Resources */,
				249193971B54CE6B005D4C54 /* 7.png in Resources */,
				24A0F6B81B53808B007F4D63 /* Assets.xcassets in Resources */,
				24A0F6B61B53808B007F4D63 /* Main.storyboard in Resources */,
			);
			runOnlyForDeploymentPostprocessing = 0;
		};
		24A0F6BF1B53808B007F4D63 /* Resources */ = {
			isa = PBXResourcesBuildPhase;
			buildActionMask = 2147483647;
			files = (
			);
			runOnlyForDeploymentPostprocessing = 0;
		};
		24A0F6CA1B53808B007F4D63 /* Resources */ = {
			isa = PBXResourcesBuildPhase;
			buildActionMask = 2147483647;
			files = (
			);
			runOnlyForDeploymentPostprocessing = 0;
		};
/* End PBXResourcesBuildPhase section */

/* Begin PBXSourcesBuildPhase section */
		24A0F6A41B53808A007F4D63 /* Sources */ = {
			isa = PBXSourcesBuildPhase;
			buildActionMask = 2147483647;
			files = (
				249193531B54B1D7005D4C54 /* DRBannerView.m in Sources */,
				249193821B54B257005D4C54 /* UIImageView+HighlightedWebCache.m in Sources */,
				249193831B54B257005D4C54 /* UIImageView+WebCache.m in Sources */,
				2491937D1B54B257005D4C54 /* SDWebImageManager.m in Sources */,
				249193781B54B257005D4C54 /* SDImageCache.m in Sources */,
				2491937C1B54B257005D4C54 /* SDWebImageDownloaderOperation.m in Sources */,
				249193421B549560005D4C54 /* DRDownMenuControl.m in Sources */,
				2491937F1B54B257005D4C54 /* UIButton+WebCache.m in Sources */,
				249193771B54B257005D4C54 /* NSData+ImageContentType.m in Sources */,
				2491937E1B54B257005D4C54 /* SDWebImagePrefetcher.m in Sources */,
				249193841B54B257005D4C54 /* UIView+WebCacheOperation.m in Sources */,
				2491937B1B54B257005D4C54 /* SDWebImageDownloader.m in Sources */,
				249193451B549C7A005D4C54 /* DRDownMenuViewController.m in Sources */,
				2491937A1B54B257005D4C54 /* SDWebImageDecoder.m in Sources */,
				249193761B54B257005D4C54 /* README.md in Sources */,
				24A0F6B31B53808B007F4D63 /* ViewController.m in Sources */,
				249193791B54B257005D4C54 /* SDWebImageCompat.m in Sources */,
				24A0F6B01B53808A007F4D63 /* AppDelegate.m in Sources */,
				249193871B54CDE7005D4C54 /* DRBannerViewController.m in Sources */,
				24A0F6AD1B53808A007F4D63 /* main.m in Sources */,
				249193811B54B257005D4C54 /* UIImage+MultiFormat.m in Sources */,
				249193801B54B257005D4C54 /* UIImage+GIF.m in Sources */,
			);
			runOnlyForDeploymentPostprocessing = 0;
		};
		24A0F6BD1B53808B007F4D63 /* Sources */ = {
			isa = PBXSourcesBuildPhase;
			buildActionMask = 2147483647;
			files = (
				24A0F6C61B53808B007F4D63 /* DRvenCustomControlTests.m in Sources */,
			);
			runOnlyForDeploymentPostprocessing = 0;
		};
		24A0F6C81B53808B007F4D63 /* Sources */ = {
			isa = PBXSourcesBuildPhase;
			buildActionMask = 2147483647;
			files = (
				24A0F6D11B53808B007F4D63 /* DRvenCustomControlUITests.m in Sources */,
			);
			runOnlyForDeploymentPostprocessing = 0;
		};
/* End PBXSourcesBuildPhase section */

/* Begin PBXTargetDependency section */
		24A0F6C31B53808B007F4D63 /* PBXTargetDependency */ = {
			isa = PBXTargetDependency;
			target = 24A0F6A71B53808A007F4D63 /* DRvenCustomControl */;
			targetProxy = 24A0F6C21B53808B007F4D63 /* PBXContainerItemProxy */;
		};
		24A0F6CE1B53808B007F4D63 /* PBXTargetDependency */ = {
			isa = PBXTargetDependency;
			target = 24A0F6A71B53808A007F4D63 /* DRvenCustomControl */;
			targetProxy = 24A0F6CD1B53808B007F4D63 /* PBXContainerItemProxy */;
		};
/* End PBXTargetDependency section */

/* Begin PBXVariantGroup section */
		24A0F6B41B53808B007F4D63 /* Main.storyboard */ = {
			isa = PBXVariantGroup;
			children = (
				24A0F6B51B53808B007F4D63 /* Base */,
			);
			name = Main.storyboard;
			sourceTree = "<group>";
		};
/* End PBXVariantGroup section */

/* Begin XCBuildConfiguration section */
		24A0F6D31B53808B007F4D63 /* Debug */ = {
			isa = XCBuildConfiguration;
			buildSettings = {
				ALWAYS_SEARCH_USER_PATHS = NO;
				CLANG_CXX_LANGUAGE_STANDARD = "gnu++0x";
				CLANG_CXX_LIBRARY = "libc++";
				CLANG_ENABLE_MODULES = YES;
				CLANG_ENABLE_OBJC_ARC = YES;
				CLANG_WARN_BOOL_CONVERSION = YES;
				CLANG_WARN_CONSTANT_CONVERSION = YES;
				CLANG_WARN_DIRECT_OBJC_ISA_USAGE = YES_ERROR;
				CLANG_WARN_EMPTY_BODY = YES;
				CLANG_WARN_ENUM_CONVERSION = YES;
				CLANG_WARN_INT_CONVERSION = YES;
				CLANG_WARN_OBJC_ROOT_CLASS = YES_ERROR;
				CLANG_WARN_UNREACHABLE_CODE = YES;
				CLANG_WARN__DUPLICATE_METHOD_MATCH = YES;
				"CODE_SIGN_IDENTITY[sdk=iphoneos*]" = "iPhone Developer";
				COPY_PHASE_STRIP = NO;
				DEBUG_INFORMATION_FORMAT = dwarf;
				ENABLE_STRICT_OBJC_MSGSEND = YES;
				ENABLE_TESTABILITY = YES;
				GCC_C_LANGUAGE_STANDARD = gnu99;
				GCC_DYNAMIC_NO_PIC = NO;
				GCC_NO_COMMON_BLOCKS = YES;
				GCC_OPTIMIZATION_LEVEL = 0;
				GCC_PREPROCESSOR_DEFINITIONS = (
					"DEBUG=1",
					"$(inherited)",
				);
				GCC_WARN_64_TO_32_BIT_CONVERSION = YES;
				GCC_WARN_ABOUT_RETURN_TYPE = YES_ERROR;
				GCC_WARN_UNDECLARED_SELECTOR = YES;
				GCC_WARN_UNINITIALIZED_AUTOS = YES_AGGRESSIVE;
				GCC_WARN_UNUSED_FUNCTION = YES;
				GCC_WARN_UNUSED_VARIABLE = YES;
				IPHONEOS_DEPLOYMENT_TARGET = 7.0;
				MTL_ENABLE_DEBUG_INFO = YES;
				ONLY_ACTIVE_ARCH = YES;
				SDKROOT = iphoneos;
			};
			name = Debug;
		};
		24A0F6D41B53808B007F4D63 /* Release */ = {
			isa = XCBuildConfiguration;
			buildSettings = {
				ALWAYS_SEARCH_USER_PATHS = NO;
				CLANG_CXX_LANGUAGE_STANDARD = "gnu++0x";
				CLANG_CXX_LIBRARY = "libc++";
				CLANG_ENABLE_MODULES = YES;
				CLANG_ENABLE_OBJC_ARC = YES;
				CLANG_WARN_BOOL_CONVERSION = YES;
				CLANG_WARN_CONSTANT_CONVERSION = YES;
				CLANG_WARN_DIRECT_OBJC_ISA_USAGE = YES_ERROR;
				CLANG_WARN_EMPTY_BODY = YES;
				CLANG_WARN_ENUM_CONVERSION = YES;
				CLANG_WARN_INT_CONVERSION = YES;
				CLANG_WARN_OBJC_ROOT_CLASS = YES_ERROR;
				CLANG_WARN_UNREACHABLE_CODE = YES;
				CLANG_WARN__DUPLICATE_METHOD_MATCH = YES;
				"CODE_SIGN_IDENTITY[sdk=iphoneos*]" = "iPhone Developer";
				COPY_PHASE_STRIP = NO;
				DEBUG_INFORMATION_FORMAT = "dwarf-with-dsym";
				ENABLE_NS_ASSERTIONS = NO;
				ENABLE_STRICT_OBJC_MSGSEND = YES;
				GCC_C_LANGUAGE_STANDARD = gnu99;
				GCC_NO_COMMON_BLOCKS = YES;
				GCC_WARN_64_TO_32_BIT_CONVERSION = YES;
				GCC_WARN_ABOUT_RETURN_TYPE = YES_ERROR;
				GCC_WARN_UNDECLARED_SELECTOR = YES;
				GCC_WARN_UNINITIALIZED_AUTOS = YES_AGGRESSIVE;
				GCC_WARN_UNUSED_FUNCTION = YES;
				GCC_WARN_UNUSED_VARIABLE = YES;
				IPHONEOS_DEPLOYMENT_TARGET = 7.0;
				MTL_ENABLE_DEBUG_INFO = NO;
				SDKROOT = iphoneos;
				VALIDATE_PRODUCT = YES;
			};
			name = Release;
		};
		24A0F6D61B53808B007F4D63 /* Debug */ = {
			isa = XCBuildConfiguration;
			buildSettings = {
				ASSETCATALOG_COMPILER_APPICON_NAME = AppIcon;
				ASSETCATALOG_COMPILER_LAUNCHIMAGE_NAME = LaunchImage;
				INFOPLIST_FILE = DRvenCustomControl/Info.plist;
				LD_RUNPATH_SEARCH_PATHS = "$(inherited) @executable_path/Frameworks";
				PRODUCT_BUNDLE_IDENTIFIER = drven.DRvenCustomControl;
				PRODUCT_NAME = "$(TARGET_NAME)";
			};
			name = Debug;
		};
		24A0F6D71B53808B007F4D63 /* Release */ = {
			isa = XCBuildConfiguration;
			buildSettings = {
				ASSETCATALOG_COMPILER_APPICON_NAME = AppIcon;
				ASSETCATALOG_COMPILER_LAUNCHIMAGE_NAME = LaunchImage;
				INFOPLIST_FILE = DRvenCustomControl/Info.plist;
				LD_RUNPATH_SEARCH_PATHS = "$(inherited) @executable_path/Frameworks";
				PRODUCT_BUNDLE_IDENTIFIER = drven.DRvenCustomControl;
				PRODUCT_NAME = "$(TARGET_NAME)";
			};
			name = Release;
		};
		24A0F6D91B53808B007F4D63 /* Debug */ = {
			isa = XCBuildConfiguration;
			buildSettings = {
				BUNDLE_LOADER = "$(TEST_HOST)";
				INFOPLIST_FILE = DRvenCustomControlTests/Info.plist;
				LD_RUNPATH_SEARCH_PATHS = "$(inherited) @executable_path/Frameworks @loader_path/Frameworks";
				PRODUCT_BUNDLE_IDENTIFIER = drven.DRvenCustomControlTests;
				PRODUCT_NAME = "$(TARGET_NAME)";
				TEST_HOST = "$(BUILT_PRODUCTS_DIR)/DRvenCustomControl.app/DRvenCustomControl";
			};
			name = Debug;
		};
		24A0F6DA1B53808B007F4D63 /* Release */ = {
			isa = XCBuildConfiguration;
			buildSettings = {
				BUNDLE_LOADER = "$(TEST_HOST)";
				INFOPLIST_FILE = DRvenCustomControlTests/Info.plist;
				LD_RUNPATH_SEARCH_PATHS = "$(inherited) @executable_path/Frameworks @loader_path/Frameworks";
				PRODUCT_BUNDLE_IDENTIFIER = drven.DRvenCustomControlTests;
				PRODUCT_NAME = "$(TARGET_NAME)";
				TEST_HOST = "$(BUILT_PRODUCTS_DIR)/DRvenCustomControl.app/DRvenCustomControl";
			};
			name = Release;
		};
		24A0F6DC1B53808B007F4D63 /* Debug */ = {
			isa = XCBuildConfiguration;
			buildSettings = {
				INFOPLIST_FILE = DRvenCustomControlUITests/Info.plist;
				LD_RUNPATH_SEARCH_PATHS = "$(inherited) @executable_path/Frameworks @loader_path/Frameworks";
				PRODUCT_BUNDLE_IDENTIFIER = drven.DRvenCustomControlUITests;
				PRODUCT_NAME = "$(TARGET_NAME)";
				TEST_TARGET_NAME = DRvenCustomControl;
				USES_XCTRUNNER = YES;
			};
			name = Debug;
		};
		24A0F6DD1B53808B007F4D63 /* Release */ = {
			isa = XCBuildConfiguration;
			buildSettings = {
				INFOPLIST_FILE = DRvenCustomControlUITests/Info.plist;
				LD_RUNPATH_SEARCH_PATHS = "$(inherited) @executable_path/Frameworks @loader_path/Frameworks";
				PRODUCT_BUNDLE_IDENTIFIER = drven.DRvenCustomControlUITests;
				PRODUCT_NAME = "$(TARGET_NAME)";
				TEST_TARGET_NAME = DRvenCustomControl;
				USES_XCTRUNNER = YES;
			};
			name = Release;
		};
/* End XCBuildConfiguration section */

/* Begin XCConfigurationList section */
		24A0F6A31B53808A007F4D63 /* Build configuration list for PBXProject "DRvenCustomControl" */ = {
			isa = XCConfigurationList;
			buildConfigurations = (
				24A0F6D31B53808B007F4D63 /* Debug */,
				24A0F6D41B53808B007F4D63 /* Release */,
			);
			defaultConfigurationIsVisible = 0;
			defaultConfigurationName = Release;
		};
		24A0F6D51B53808B007F4D63 /* Build configuration list for PBXNativeTarget "DRvenCustomControl" */ = {
			isa = XCConfigurationList;
			buildConfigurations = (
				24A0F6D61B53808B007F4D63 /* Debug */,
				24A0F6D71B53808B007F4D63 /* Release */,
			);
			defaultConfigurationIsVisible = 0;
			defaultConfigurationName = Release;
		};
		24A0F6D81B53808B007F4D63 /* Build configuration list for PBXNativeTarget "DRvenCustomControlTests" */ = {
			isa = XCConfigurationList;
			buildConfigurations = (
				24A0F6D91B53808B007F4D63 /* Debug */,
				24A0F6DA1B53808B007F4D63 /* Release */,
			);
			defaultConfigurationIsVisible = 0;
			defaultConfigurationName = Release;
		};
		24A0F6DB1B53808B007F4D63 /* Build configuration list for PBXNativeTarget "DRvenCustomControlUITests" */ = {
			isa = XCConfigurationList;
			buildConfigurations = (
				24A0F6DC1B53808B007F4D63 /* Debug */,
				24A0F6DD1B53808B007F4D63 /* Release */,
			);
			defaultConfigurationIsVisible = 0;
			defaultConfigurationName = Release;
		};
/* End XCConfigurationList section */
	};
	rootObject = 24A0F6A01B53808A007F4D63 /* Project object */;
}
